
Microsoft Visual Studio Solution File, Format Version 12.00
# Visual Studio Version 16
VisualStudioVersion = 16.0.31729.503
MinimumVisualStudioVersion = 10.0.40219.1
Project("{FAE04EC0-301F-11D3-BF4B-00C04F79EFBC}") = "shop", "shop\shop.csproj", "{44F8FEF6-33A1-4373-A2EB-7774BB7D2DEA}"
EndProject
Global
	GlobalSection(SolutionConfigurationPlatforms) = preSolution
		Debug|Any CPU = Debug|Any CPU
		Release|Any CPU = Release|Any CPU
	EndGlobalSection
	GlobalSection(ProjectConfigurationPlatforms) = postSolution
		{44F8FEF6-33A1-4373-A2EB-7774BB7D2DEA}.Debug|Any CPU.ActiveCfg = Debug|Any CPU
		{44F8FEF6-33A1-4373-A2EB-7774BB7D2DEA}.Debug|Any CPU.Build.0 = Debug|Any CPU
		{44F8FEF6-33A1-4373-A2EB-7774BB7D2DEA}.Release|Any CPU.ActiveCfg = Release|Any CPU
		{44F8FEF6-33A1-4373-A2EB-7774BB7D2DEA}.Release|Any CPU.Build.0 = Release|Any CPU
	EndGlobalSection
	GlobalSection(SolutionProperties) = preSolution
		HideSolutionNode = FALSE
	EndGlobalSection
	GlobalSection(ExtensibilityGlobals) = postSolution
		SolutionGuid = {8463441E-5AE9-476D-92DD-1772C7198656}
	EndGlobalSection
EndGlobal
